{
  "name": "megatest-web",
  "lockfileVersion": 3,
  "requires": true,
  "packages": {
    "": {
      "name": "megatest-web",
      "dependencies": {
        "mudlet-map-binary-reader": "2.0.0"
      }
    },
    "node_modules/mudlet-map-binary-reader": {
      "version": "2.0.0",
      "resolved": "https://registry.npmjs.org/mudlet-map-binary-reader/-/mudlet-map-binary-reader-2.0.0.tgz",
      "integrity": "sha512-IKY4TBHF8k1IT/WVunZeg0ABl365zxDNtzRSzFaqhyu73bfI011d2oLGiSwuUSCrpIxNohXMWr8/nnPtg0B0pw==",
      "license": "MIT",
      "dependencies": {
        "qtdatastream-web": "^0.0.1"
      }
    },
    "node_modules/qtdatastream-web": {
      "version": "0.0.1",
      "resolved": "https://registry.npmjs.org/qtdatastream-web/-/qtdatastream-web-0.0.1.tgz",
      "integrity": "sha512-2sqKGZmafCG8Gd4PQktoYlD3EabGnzCL7u0F/WkUY5U2Av2P0zeZnkDOAsTBWM/81+NhNpzyv5PSd6STZbvC+w==",
      "license": "MIT",
      "engines": {
        "node": ">= 18"
      }
    }
  }
}
